# This file is automatically @generated by Cargo.
# It is not intended for manual editing.
version = 4

[[package]]
name = "compiler"
version = "0.1.0"
dependencies = [
 "raph_api",
 "raph_common",
 "raph_runtime",
]

[[package]]
name = "raph_api"
version = "0.1.0"
dependencies = [
 "raph_common",
]

[[package]]
name = "raph_common"
version = "0.1.0"

[[package]]
name = "raph_runtime"
version = "0.1.0"
dependencies = [
 "raph_api",
 "raph_common",
]
